
Microsoft Visual Studio Solution File, Format Version 12.00
# Visual Studio Version 17
VisualStudioVersion = 17.6.33829.357
MinimumVisualStudioVersion = 10.0.40219.1
Project("{2150E333-8FDC-42A3-9474-1A3956D46DE8}") = "Services", "Services", "{E213F91A-A54C-4D36-BEC4-9E4D7EADF574}"
EndProject
Project("{2150E333-8FDC-42A3-9474-1A3956D46DE8}") = "Catelog", "Catelog", "{6204EAB9-0835-4801-BEEA-7CEE943F2E8B}"
EndProject
Project("{FAE04EC0-301F-11D3-BF4B-00C04F79EFBC}") = "Catelog.API", "Services\Catelog\Catelog.API\Catelog.API.csproj", "{C6914737-AAEE-45CE-9DED-EFC51ECA6C59}"
EndProject
Global
	GlobalSection(SolutionConfigurationPlatforms) = preSolution
		Debug|Any CPU = Debug|Any CPU
		Release|Any CPU = Release|Any CPU
	EndGlobalSection
	GlobalSection(ProjectConfigurationPlatforms) = postSolution
		{C6914737-AAEE-45CE-9DED-EFC51ECA6C59}.Debug|Any CPU.ActiveCfg = Debug|Any CPU
		{C6914737-AAEE-45CE-9DED-EFC51ECA6C59}.Debug|Any CPU.Build.0 = Debug|Any CPU
		{C6914737-AAEE-45CE-9DED-EFC51ECA6C59}.Release|Any CPU.ActiveCfg = Release|Any CPU
		{C6914737-AAEE-45CE-9DED-EFC51ECA6C59}.Release|Any CPU.Build.0 = Release|Any CPU
	EndGlobalSection
	GlobalSection(SolutionProperties) = preSolution
		HideSolutionNode = FALSE
	EndGlobalSection
	GlobalSection(NestedProjects) = preSolution
		{6204EAB9-0835-4801-BEEA-7CEE943F2E8B} = {E213F91A-A54C-4D36-BEC4-9E4D7EADF574}
		{C6914737-AAEE-45CE-9DED-EFC51ECA6C59} = {6204EAB9-0835-4801-BEEA-7CEE943F2E8B}
	EndGlobalSection
	GlobalSection(ExtensibilityGlobals) = postSolution
		SolutionGuid = {B34AD71A-7339-4FBF-B388-4E7F34A810CB}
	EndGlobalSection
EndGlobal
