
Microsoft Visual Studio Solution File, Format Version 12.00
# Visual Studio Version 17
VisualStudioVersion = 17.6.33829.357
MinimumVisualStudioVersion = 10.0.40219.1
Project("{2150E333-8FDC-42A3-9474-1A3956D46DE8}") = "Services", "Services", "{E213F91A-A54C-4D36-BEC4-9E4D7EADF574}"
EndProject
Project("{2150E333-8FDC-42A3-9474-1A3956D46DE8}") = "Catelog", "Catelog", "{6204EAB9-0835-4801-BEEA-7CEE943F2E8B}"
EndProject
Project("{9A19103F-16F7-4668-BE54-9A1E7A4F7556}") = "Catelog.API", "Services\Catelog\Catelog.API\Catelog.API.csproj", "{C6914737-AAEE-45CE-9DED-EFC51ECA6C59}"
EndProject
Project("{E53339B2-1760-4266-BCC7-CA923CBCF16C}") = "docker-compose", "docker-compose.dcproj", "{36B771C5-6175-4984-B7F1-09084AE5DE11}"
EndProject
Project("{2150E333-8FDC-42A3-9474-1A3956D46DE8}") = "Basket", "Basket", "{E1524133-FC55-4243-9222-20EA18DAA8CF}"
EndProject
Project("{9A19103F-16F7-4668-BE54-9A1E7A4F7556}") = "Basket.API", "Services\Basket\Basket.API\Basket.API.csproj", "{4BD4CBB1-5B69-4A51-AADB-3A5FB031F041}"
EndProject
Project("{2150E333-8FDC-42A3-9474-1A3956D46DE8}") = "Discount", "Discount", "{E4BB6114-0CE1-409C-8887-3D2F2C0D2C60}"
EndProject
Project("{9A19103F-16F7-4668-BE54-9A1E7A4F7556}") = "Discount.API", "Services\Discount\Discount.API\Discount.API.csproj", "{372CE073-3192-409F-B0E5-94E54835A503}"
EndProject
Project("{9A19103F-16F7-4668-BE54-9A1E7A4F7556}") = "Discount.Grpc", "Services\Discount\Discount.Grpc\Discount.Grpc.csproj", "{A9F62975-66B9-44EB-B3B2-3774CE8FB7AE}"
EndProject
Project("{2150E333-8FDC-42A3-9474-1A3956D46DE8}") = "Ordering", "Ordering", "{CA75F722-D562-4B84-8295-E531069B9A08}"
EndProject
Project("{9A19103F-16F7-4668-BE54-9A1E7A4F7556}") = "Ordering.API", "Services\Ordering\Ordering.API\Ordering.API.csproj", "{B4F0CC76-648F-46CB-859B-100410FE5D69}"
EndProject
Project("{9A19103F-16F7-4668-BE54-9A1E7A4F7556}") = "Ordering.Domain", "Services\Ordering\Ordering.Domain\Ordering.Domain.csproj", "{461330CF-EFF2-44E3-8760-6CAF5B112421}"
EndProject
Project("{9A19103F-16F7-4668-BE54-9A1E7A4F7556}") = "Ordering.Application", "Services\Ordering\Ordering.Application\Ordering.Application.csproj", "{15E6B9EF-7B1D-4DFD-9E01-7FB505A8EEB2}"
EndProject
Project("{9A19103F-16F7-4668-BE54-9A1E7A4F7556}") = "Ordering.Infrastructure", "Services\Ordering\Ordering.Infrastructure\Ordering.Infrastructure.csproj", "{62872CE9-444B-4F70-9E43-900A7209C574}"
EndProject
Project("{2150E333-8FDC-42A3-9474-1A3956D46DE8}") = "BuildingBlocks", "BuildingBlocks", "{E78B1475-1C93-415A-959C-32187804F0D8}"
EndProject
Project("{FAE04EC0-301F-11D3-BF4B-00C04F79EFBC}") = "EventBus.Messages", "BuildingBlocks\EventBus.Messages\EventBus.Messages.csproj", "{09971784-9BD3-449F-B159-60657CE6B822}"
EndProject
Global
	GlobalSection(SolutionConfigurationPlatforms) = preSolution
		Debug|Any CPU = Debug|Any CPU
		Release|Any CPU = Release|Any CPU
	EndGlobalSection
	GlobalSection(ProjectConfigurationPlatforms) = postSolution
		{C6914737-AAEE-45CE-9DED-EFC51ECA6C59}.Debug|Any CPU.ActiveCfg = Debug|Any CPU
		{C6914737-AAEE-45CE-9DED-EFC51ECA6C59}.Debug|Any CPU.Build.0 = Debug|Any CPU
		{C6914737-AAEE-45CE-9DED-EFC51ECA6C59}.Release|Any CPU.ActiveCfg = Release|Any CPU
		{C6914737-AAEE-45CE-9DED-EFC51ECA6C59}.Release|Any CPU.Build.0 = Release|Any CPU
		{36B771C5-6175-4984-B7F1-09084AE5DE11}.Debug|Any CPU.ActiveCfg = Debug|Any CPU
		{36B771C5-6175-4984-B7F1-09084AE5DE11}.Debug|Any CPU.Build.0 = Debug|Any CPU
		{36B771C5-6175-4984-B7F1-09084AE5DE11}.Release|Any CPU.ActiveCfg = Release|Any CPU
		{36B771C5-6175-4984-B7F1-09084AE5DE11}.Release|Any CPU.Build.0 = Release|Any CPU
		{4BD4CBB1-5B69-4A51-AADB-3A5FB031F041}.Debug|Any CPU.ActiveCfg = Debug|Any CPU
		{4BD4CBB1-5B69-4A51-AADB-3A5FB031F041}.Debug|Any CPU.Build.0 = Debug|Any CPU
		{4BD4CBB1-5B69-4A51-AADB-3A5FB031F041}.Release|Any CPU.ActiveCfg = Release|Any CPU
		{4BD4CBB1-5B69-4A51-AADB-3A5FB031F041}.Release|Any CPU.Build.0 = Release|Any CPU
		{372CE073-3192-409F-B0E5-94E54835A503}.Debug|Any CPU.ActiveCfg = Debug|Any CPU
		{372CE073-3192-409F-B0E5-94E54835A503}.Debug|Any CPU.Build.0 = Debug|Any CPU
		{372CE073-3192-409F-B0E5-94E54835A503}.Release|Any CPU.ActiveCfg = Release|Any CPU
		{372CE073-3192-409F-B0E5-94E54835A503}.Release|Any CPU.Build.0 = Release|Any CPU
		{A9F62975-66B9-44EB-B3B2-3774CE8FB7AE}.Debug|Any CPU.ActiveCfg = Debug|Any CPU
		{A9F62975-66B9-44EB-B3B2-3774CE8FB7AE}.Debug|Any CPU.Build.0 = Debug|Any CPU
		{A9F62975-66B9-44EB-B3B2-3774CE8FB7AE}.Release|Any CPU.ActiveCfg = Release|Any CPU
		{A9F62975-66B9-44EB-B3B2-3774CE8FB7AE}.Release|Any CPU.Build.0 = Release|Any CPU
		{B4F0CC76-648F-46CB-859B-100410FE5D69}.Debug|Any CPU.ActiveCfg = Debug|Any CPU
		{B4F0CC76-648F-46CB-859B-100410FE5D69}.Debug|Any CPU.Build.0 = Debug|Any CPU
		{B4F0CC76-648F-46CB-859B-100410FE5D69}.Release|Any CPU.ActiveCfg = Release|Any CPU
		{B4F0CC76-648F-46CB-859B-100410FE5D69}.Release|Any CPU.Build.0 = Release|Any CPU
		{461330CF-EFF2-44E3-8760-6CAF5B112421}.Debug|Any CPU.ActiveCfg = Debug|Any CPU
		{461330CF-EFF2-44E3-8760-6CAF5B112421}.Debug|Any CPU.Build.0 = Debug|Any CPU
		{461330CF-EFF2-44E3-8760-6CAF5B112421}.Release|Any CPU.ActiveCfg = Release|Any CPU
		{461330CF-EFF2-44E3-8760-6CAF5B112421}.Release|Any CPU.Build.0 = Release|Any CPU
		{15E6B9EF-7B1D-4DFD-9E01-7FB505A8EEB2}.Debug|Any CPU.ActiveCfg = Debug|Any CPU
		{15E6B9EF-7B1D-4DFD-9E01-7FB505A8EEB2}.Debug|Any CPU.Build.0 = Debug|Any CPU
		{15E6B9EF-7B1D-4DFD-9E01-7FB505A8EEB2}.Release|Any CPU.ActiveCfg = Release|Any CPU
		{15E6B9EF-7B1D-4DFD-9E01-7FB505A8EEB2}.Release|Any CPU.Build.0 = Release|Any CPU
		{62872CE9-444B-4F70-9E43-900A7209C574}.Debug|Any CPU.ActiveCfg = Debug|Any CPU
		{62872CE9-444B-4F70-9E43-900A7209C574}.Debug|Any CPU.Build.0 = Debug|Any CPU
		{62872CE9-444B-4F70-9E43-900A7209C574}.Release|Any CPU.ActiveCfg = Release|Any CPU
		{62872CE9-444B-4F70-9E43-900A7209C574}.Release|Any CPU.Build.0 = Release|Any CPU
		{09971784-9BD3-449F-B159-60657CE6B822}.Debug|Any CPU.ActiveCfg = Debug|Any CPU
		{09971784-9BD3-449F-B159-60657CE6B822}.Debug|Any CPU.Build.0 = Debug|Any CPU
		{09971784-9BD3-449F-B159-60657CE6B822}.Release|Any CPU.ActiveCfg = Release|Any CPU
		{09971784-9BD3-449F-B159-60657CE6B822}.Release|Any CPU.Build.0 = Release|Any CPU
	EndGlobalSection
	GlobalSection(SolutionProperties) = preSolution
		HideSolutionNode = FALSE
	EndGlobalSection
	GlobalSection(NestedProjects) = preSolution
		{6204EAB9-0835-4801-BEEA-7CEE943F2E8B} = {E213F91A-A54C-4D36-BEC4-9E4D7EADF574}
		{C6914737-AAEE-45CE-9DED-EFC51ECA6C59} = {6204EAB9-0835-4801-BEEA-7CEE943F2E8B}
		{E1524133-FC55-4243-9222-20EA18DAA8CF} = {E213F91A-A54C-4D36-BEC4-9E4D7EADF574}
		{4BD4CBB1-5B69-4A51-AADB-3A5FB031F041} = {E1524133-FC55-4243-9222-20EA18DAA8CF}
		{E4BB6114-0CE1-409C-8887-3D2F2C0D2C60} = {E213F91A-A54C-4D36-BEC4-9E4D7EADF574}
		{372CE073-3192-409F-B0E5-94E54835A503} = {E4BB6114-0CE1-409C-8887-3D2F2C0D2C60}
		{A9F62975-66B9-44EB-B3B2-3774CE8FB7AE} = {E4BB6114-0CE1-409C-8887-3D2F2C0D2C60}
		{CA75F722-D562-4B84-8295-E531069B9A08} = {E213F91A-A54C-4D36-BEC4-9E4D7EADF574}
		{B4F0CC76-648F-46CB-859B-100410FE5D69} = {CA75F722-D562-4B84-8295-E531069B9A08}
		{461330CF-EFF2-44E3-8760-6CAF5B112421} = {CA75F722-D562-4B84-8295-E531069B9A08}
		{15E6B9EF-7B1D-4DFD-9E01-7FB505A8EEB2} = {CA75F722-D562-4B84-8295-E531069B9A08}
		{62872CE9-444B-4F70-9E43-900A7209C574} = {CA75F722-D562-4B84-8295-E531069B9A08}
		{09971784-9BD3-449F-B159-60657CE6B822} = {E78B1475-1C93-415A-959C-32187804F0D8}
	EndGlobalSection
	GlobalSection(ExtensibilityGlobals) = postSolution
		SolutionGuid = {B34AD71A-7339-4FBF-B388-4E7F34A810CB}
	EndGlobalSection
EndGlobal
